
Microsoft Visual Studio Solution File, Format Version 12.00
# Visual Studio Express 2012 for Windows Desktop
Project("{FAE04EC0-301F-11D3-BF4B-00C04F79EFBC}") = "Map Generator", "Map Generator\Map Generator.csproj", "{BF2E0702-1001-425B-88A5-10C942D6445D}"
EndProject
Project("{FAE04EC0-301F-11D3-BF4B-00C04F79EFBC}") = "Tileset Utillity", "Tileset Utility\Tileset Utillity.csproj", "{31B44CAE-20D3-4110-95D6-2FDD31505E04}"
EndProject
Project("{FAE04EC0-301F-11D3-BF4B-00C04F79EFBC}") = "SCMAP Reader Writer", "SCMAP Reader Writer\SCMAP Reader Writer.csproj", "{27095117-074E-4C27-B83F-55D4FDAC9554}"
EndProject
Project("{FAE04EC0-301F-11D3-BF4B-00C04F79EFBC}") = "SCMAP Preview Builder", "SCMAP Preview Builder\SCMAP Preview Builder.csproj", "{A0E1A5FA-B7CE-4DF8-A192-B892F61317A1}"
EndProject
Global
	GlobalSection(SolutionConfigurationPlatforms) = preSolution
		.NET v4.0|Any CPU = .NET v4.0|Any CPU
		Debug|Any CPU = Debug|Any CPU
		Release|Any CPU = Release|Any CPU
	EndGlobalSection
	GlobalSection(ProjectConfigurationPlatforms) = postSolution
		{BF2E0702-1001-425B-88A5-10C942D6445D}..NET v4.0|Any CPU.ActiveCfg = Release|Any CPU
		{BF2E0702-1001-425B-88A5-10C942D6445D}..NET v4.0|Any CPU.Build.0 = Release|Any CPU
		{BF2E0702-1001-425B-88A5-10C942D6445D}.Debug|Any CPU.ActiveCfg = Debug|Any CPU
		{BF2E0702-1001-425B-88A5-10C942D6445D}.Debug|Any CPU.Build.0 = Debug|Any CPU
		{BF2E0702-1001-425B-88A5-10C942D6445D}.Release|Any CPU.ActiveCfg = Release|Any CPU
		{BF2E0702-1001-425B-88A5-10C942D6445D}.Release|Any CPU.Build.0 = Release|Any CPU
		{31B44CAE-20D3-4110-95D6-2FDD31505E04}..NET v4.0|Any CPU.ActiveCfg = Release|Any CPU
		{31B44CAE-20D3-4110-95D6-2FDD31505E04}..NET v4.0|Any CPU.Build.0 = Release|Any CPU
		{31B44CAE-20D3-4110-95D6-2FDD31505E04}.Debug|Any CPU.ActiveCfg = Debug|Any CPU
		{31B44CAE-20D3-4110-95D6-2FDD31505E04}.Debug|Any CPU.Build.0 = Debug|Any CPU
		{31B44CAE-20D3-4110-95D6-2FDD31505E04}.Release|Any CPU.ActiveCfg = Release|Any CPU
		{31B44CAE-20D3-4110-95D6-2FDD31505E04}.Release|Any CPU.Build.0 = Release|Any CPU
		{27095117-074E-4C27-B83F-55D4FDAC9554}..NET v4.0|Any CPU.ActiveCfg = .NET v4.0 Release|Any CPU
		{27095117-074E-4C27-B83F-55D4FDAC9554}..NET v4.0|Any CPU.Build.0 = .NET v4.0 Release|Any CPU
		{27095117-074E-4C27-B83F-55D4FDAC9554}.Debug|Any CPU.ActiveCfg = Debug|Any CPU
		{27095117-074E-4C27-B83F-55D4FDAC9554}.Debug|Any CPU.Build.0 = Debug|Any CPU
		{27095117-074E-4C27-B83F-55D4FDAC9554}.Release|Any CPU.ActiveCfg = Release|Any CPU
		{27095117-074E-4C27-B83F-55D4FDAC9554}.Release|Any CPU.Build.0 = Release|Any CPU
		{A0E1A5FA-B7CE-4DF8-A192-B892F61317A1}..NET v4.0|Any CPU.ActiveCfg = Release|Any CPU
		{A0E1A5FA-B7CE-4DF8-A192-B892F61317A1}..NET v4.0|Any CPU.Build.0 = Release|Any CPU
		{A0E1A5FA-B7CE-4DF8-A192-B892F61317A1}.Debug|Any CPU.ActiveCfg = Debug|Any CPU
		{A0E1A5FA-B7CE-4DF8-A192-B892F61317A1}.Debug|Any CPU.Build.0 = Debug|Any CPU
		{A0E1A5FA-B7CE-4DF8-A192-B892F61317A1}.Release|Any CPU.ActiveCfg = Release|Any CPU
		{A0E1A5FA-B7CE-4DF8-A192-B892F61317A1}.Release|Any CPU.Build.0 = Release|Any CPU
	EndGlobalSection
	GlobalSection(SolutionProperties) = preSolution
		HideSolutionNode = FALSE
	EndGlobalSection
EndGlobal
